
Microsoft Visual Studio Solution File, Format Version 12.00
# Visual Studio Version 16
VisualStudioVersion = 16.0.30011.22
MinimumVisualStudioVersion = 10.0.40219.1
Project("{FAE04EC0-301F-11D3-BF4B-00C04F79EFBC}") = "PROJEKT_APBD", "PROJEKT_APBD\PROJEKT_APBD.csproj", "{121D2748-9CD4-4889-8ADF-6F402242AC95}"
EndProject
Global
	GlobalSection(SolutionConfigurationPlatforms) = preSolution
		Debug|Any CPU = Debug|Any CPU
		Release|Any CPU = Release|Any CPU
	EndGlobalSection
	GlobalSection(ProjectConfigurationPlatforms) = postSolution
		{121D2748-9CD4-4889-8ADF-6F402242AC95}.Debug|Any CPU.ActiveCfg = Debug|Any CPU
		{121D2748-9CD4-4889-8ADF-6F402242AC95}.Debug|Any CPU.Build.0 = Debug|Any CPU
		{121D2748-9CD4-4889-8ADF-6F402242AC95}.Release|Any CPU.ActiveCfg = Release|Any CPU
		{121D2748-9CD4-4889-8ADF-6F402242AC95}.Release|Any CPU.Build.0 = Release|Any CPU
	EndGlobalSection
	GlobalSection(SolutionProperties) = preSolution
		HideSolutionNode = FALSE
	EndGlobalSection
	GlobalSection(ExtensibilityGlobals) = postSolution
		SolutionGuid = {98936DEE-D4AC-4156-AF15-416ADB40803A}
	EndGlobalSection
EndGlobal
